
Microsoft Visual Studio Solution File, Format Version 12.00
# Visual Studio Version 17
VisualStudioVersion = 17.0.32112.339
MinimumVisualStudioVersion = 10.0.40219.1
Project("{FAE04EC0-301F-11D3-BF4B-00C04F79EFBC}") = "DiscordToken", "DiscordToken.csproj", "{4503AC41-5F24-482F-B620-A8FA61B7D747}"
EndProject
Global
	GlobalSection(SolutionConfigurationPlatforms) = preSolution
		Debug|Any CPU = Debug|Any CPU
		Debug|x64 = Debug|x64
		Release|Any CPU = Release|Any CPU
		Release|x64 = Release|x64
	EndGlobalSection
	GlobalSection(ProjectConfigurationPlatforms) = postSolution
		{4503AC41-5F24-482F-B620-A8FA61B7D747}.Debug|Any CPU.ActiveCfg = Debug|Any CPU
		{4503AC41-5F24-482F-B620-A8FA61B7D747}.Debug|Any CPU.Build.0 = Debug|Any CPU
		{4503AC41-5F24-482F-B620-A8FA61B7D747}.Debug|x64.ActiveCfg = Debug|x64
		{4503AC41-5F24-482F-B620-A8FA61B7D747}.Debug|x64.Build.0 = Debug|x64
		{4503AC41-5F24-482F-B620-A8FA61B7D747}.Release|Any CPU.ActiveCfg = Release|Any CPU
		{4503AC41-5F24-482F-B620-A8FA61B7D747}.Release|Any CPU.Build.0 = Release|Any CPU
		{4503AC41-5F24-482F-B620-A8FA61B7D747}.Release|x64.ActiveCfg = Release|x64
		{4503AC41-5F24-482F-B620-A8FA61B7D747}.Release|x64.Build.0 = Release|x64
	EndGlobalSection
	GlobalSection(SolutionProperties) = preSolution
		HideSolutionNode = FALSE
	EndGlobalSection
	GlobalSection(ExtensibilityGlobals) = postSolution
		SolutionGuid = {DD472151-F2F7-4C48-92FE-B1DEA591809A}
	EndGlobalSection
EndGlobal
